
Microsoft Visual Studio Solution File, Format Version 12.00
# Visual Studio Version 16
VisualStudioVersion = 16.0.30717.126
MinimumVisualStudioVersion = 10.0.40219.1
Project("{8BC9CEB8-8B4A-11D0-8D11-00A0C91BC942}") = "vjezba6", "vjezba6\vjezba6.vcxproj", "{2CCAC766-E6AC-400A-BBD7-F5D9C46AF61F}"
EndProject
Global
	GlobalSection(SolutionConfigurationPlatforms) = preSolution
		Debug|x64 = Debug|x64
		Debug|x86 = Debug|x86
		Release|x64 = Release|x64
		Release|x86 = Release|x86
	EndGlobalSection
	GlobalSection(ProjectConfigurationPlatforms) = postSolution
		{2CCAC766-E6AC-400A-BBD7-F5D9C46AF61F}.Debug|x64.ActiveCfg = Debug|x64
		{2CCAC766-E6AC-400A-BBD7-F5D9C46AF61F}.Debug|x64.Build.0 = Debug|x64
		{2CCAC766-E6AC-400A-BBD7-F5D9C46AF61F}.Debug|x86.ActiveCfg = Debug|Win32
		{2CCAC766-E6AC-400A-BBD7-F5D9C46AF61F}.Debug|x86.Build.0 = Debug|Win32
		{2CCAC766-E6AC-400A-BBD7-F5D9C46AF61F}.Release|x64.ActiveCfg = Release|x64
		{2CCAC766-E6AC-400A-BBD7-F5D9C46AF61F}.Release|x64.Build.0 = Release|x64
		{2CCAC766-E6AC-400A-BBD7-F5D9C46AF61F}.Release|x86.ActiveCfg = Release|Win32
		{2CCAC766-E6AC-400A-BBD7-F5D9C46AF61F}.Release|x86.Build.0 = Release|Win32
	EndGlobalSection
	GlobalSection(SolutionProperties) = preSolution
		HideSolutionNode = FALSE
	EndGlobalSection
	GlobalSection(ExtensibilityGlobals) = postSolution
		SolutionGuid = {E0FA0261-5E22-422B-A3C4-9CD9392AA68E}
	EndGlobalSection
EndGlobal
